{
  "nodes": {
    "aquamarine": {
      "inputs": {
        "hyprutils": [
          "hyprland",
          "hyprutils"
        ],
        "hyprwayland-scanner": [
          "hyprland",
          "hyprwayland-scanner"
        ],
        "nixpkgs": [
          "hyprland",
          "nixpkgs"
        ],
        "systems": [
          "hyprland",
          "systems"
        ]
      },
      "locked": {
        "lastModified": 1764370710,
        "narHash": "sha256-7iZklFmziy6Vn5ZFy9mvTSuFopp3kJNuPxL5QAvtmFQ=",
        "owner": "hyprwm",
        "repo": "aquamarine",
        "rev": "561ae7fbe1ca15dfd908262ec815bf21a13eef63",
        "type": "github"
      },
      "original": {
        "owner": "hyprwm",
        "repo": "aquamarine",
        "type": "github"
      }
    },
    "base16": {
      "inputs": {
        "fromYaml": "fromYaml"
      },
      "locked": {
        "lastModified": 1755819240,
        "narHash": "sha256-qcMhnL7aGAuFuutH4rq9fvAhCpJWVHLcHVZLtPctPlo=",
        "owner": "SenchoPens",
        "repo": "base16.nix",
        "rev": "75ed5e5e3fce37df22e49125181fa37899c3ccd6",
        "type": "github"
      },
      "original": {
        "owner": "SenchoPens",
        "repo": "base16.nix",
        "type": "github"
      }
    },
    "base16-fish": {
      "flake": false,
      "locked": {
        "lastModified": 1754405784,
        "narHash": "sha256-l9xHIy+85FN+bEo6yquq2IjD1rSg9fjfjpyGP1W8YXo=",
        "owner": "tomyun",
        "repo": "base16-fish",
        "rev": "23ae20a0093dca0d7b39d76ba2401af0ccf9c561",
        "type": "github"
      },
      "original": {
        "owner": "tomyun",
        "repo": "base16-fish",
        "rev": "23ae20a0093dca0d7b39d76ba2401af0ccf9c561",
        "type": "github"
      }
    },
    "base16-helix": {
      "flake": false,
      "locked": {
        "lastModified": 1760703920,
        "narHash": "sha256-m82fGUYns4uHd+ZTdoLX2vlHikzwzdu2s2rYM2bNwzw=",
        "owner": "tinted-theming",
        "repo": "base16-helix",
        "rev": "d646af9b7d14bff08824538164af99d0c521b185",
        "type": "github"
      },
      "original": {
        "owner": "tinted-theming",
        "repo": "base16-helix",
        "type": "github"
      }
    },
    "base16-schemes": {
      "flake": false,
      "locked": {
        "lastModified": 1696158499,
        "narHash": "sha256-5yIHgDTPjoX/3oDEfLSQ0eJZdFL1SaCfb9d6M0RmOTM=",
        "owner": "tinted-theming",
        "repo": "base16-schemes",
        "rev": "a9112eaae86d9dd8ee6bb9445b664fba2f94037a",
        "type": "github"
      },
      "original": {
        "owner": "tinted-theming",
        "repo": "base16-schemes",
        "type": "github"
      }
    },
    "base16-vim": {
      "flake": false,
      "locked": {
        "lastModified": 1732806396,
        "narHash": "sha256-e0bpPySdJf0F68Ndanwm+KWHgQiZ0s7liLhvJSWDNsA=",
        "owner": "tinted-theming",
        "repo": "base16-vim",
        "rev": "577fe8125d74ff456cf942c733a85d769afe58b7",
        "type": "github"
      },
      "original": {
        "owner": "tinted-theming",
        "repo": "base16-vim",
        "rev": "577fe8125d74ff456cf942c733a85d769afe58b7",
        "type": "github"
      }
    },
    "disko": {
      "inputs": {
        "nixpkgs": [
          "nixpkgs"
        ]
      },
      "locked": {
        "lastModified": 1764627417,
        "narHash": "sha256-D6xc3Rl8Ab6wucJWdvjNsGYGSxNjQHzRc2EZ6eeQ6l4=",
        "owner": "nix-community",
        "repo": "disko",
        "rev": "5a88a6eceb8fd732b983e72b732f6f4b8269bef3",
        "type": "github"
      },
      "original": {
        "owner": "nix-community",
        "repo": "disko",
        "type": "github"
      }
    },
    "dnsblacklist": {
      "flake": false,
      "locked": {
        "lastModified": 1687788647,
        "narHash": "sha256-nKNz9ux1FPxoL14VZtH/1tfnn67LeXmdVQJz7I9+Srk=",
        "owner": "notracking",
        "repo": "hosts-blocklists",
        "rev": "2ab426e806985d0d3d1c3eb447d7e772a836e10d",
        "type": "github"
      },
      "original": {
        "owner": "notracking",
        "repo": "hosts-blocklists",
        "type": "github"
      }
    },
    "doom-emacs": {
      "flake": false,
      "locked": {
        "lastModified": 1662497747,
        "narHash": "sha256-4n7E1fqda7cn5/F2jTkOnKw1juG6XMS/FI9gqODL3aU=",
        "owner": "doomemacs",
        "repo": "doomemacs",
        "rev": "3853dff5e11655e858d0bfae64b70cb12ef685ac",
        "type": "github"
      },
      "original": {
        "owner": "doomemacs",
        "repo": "doomemacs",
        "rev": "3853dff5e11655e858d0bfae64b70cb12ef685ac",
        "type": "github"
      }
    },
    "doom-snippets": {
      "flake": false,
      "locked": {
        "lastModified": 1694887483,
        "narHash": "sha256-KlKhruPSLPSKqUnr5/U65arm16VrY9ORzm+XKNZhpTQ=",
        "owner": "doomemacs",
        "repo": "snippets",
        "rev": "f022984ee1318a4015d5d081b3c3dab5a60dc6ff",
        "type": "github"
      },
      "original": {
        "owner": "doomemacs",
        "repo": "snippets",
        "type": "github"
      }
    },
    "emacs-overlay": {
      "flake": false,
      "locked": {
        "lastModified": 1676366521,
        "narHash": "sha256-i4UAY8t9Au9SJtsgYppa3NHSVf1YkV6yqnNIQd+Km4g=",
        "owner": "nix-community",
        "repo": "emacs-overlay",
        "rev": "c16be6de78ea878aedd0292aa5d4a1ee0a5da501",
        "type": "github"
      },
      "original": {
        "owner": "nix-community",
        "repo": "emacs-overlay",
        "rev": "c16be6de78ea878aedd0292aa5d4a1ee0a5da501",
        "type": "github"
      }
    },
    "emacs-so-long": {
      "flake": false,
      "locked": {
        "lastModified": 1575031854,
        "narHash": "sha256-xIa5zO0ZaToDrec1OFjBK6l39AbA4l/CE4LInVu2hi0=",
        "owner": "hlissner",
        "repo": "emacs-so-long",
        "rev": "ed666b0716f60e8988c455804de24b55919e71ca",
        "type": "github"
      },
      "original": {
        "owner": "hlissner",
        "repo": "emacs-so-long",
        "type": "github"
      }
    },
    "evil-escape": {
      "flake": false,
      "locked": {
        "lastModified": 1588439096,
        "narHash": "sha256-aB2Ge5o/93B18tPf4fN1c+O46CNh/nOqwLJbox4c8Gw=",
        "owner": "hlissner",
        "repo": "evil-escape",
        "rev": "819f1ee1cf3f69a1ae920e6004f2c0baeebbe077",
        "type": "github"
      },
      "original": {
        "owner": "hlissner",
        "repo": "evil-escape",
        "type": "github"
      }
    },
    "evil-markdown": {
      "flake": false,
      "locked": {
        "lastModified": 1626852210,
        "narHash": "sha256-HBBuZ1VWIn6kwK5CtGIvHM1+9eiNiKPH0GUsyvpUVN8=",
        "owner": "Somelauw",
        "repo": "evil-markdown",
        "rev": "8e6cc68af83914b2fa9fd3a3b8472573dbcef477",
        "type": "github"
      },
      "original": {
        "owner": "Somelauw",
        "repo": "evil-markdown",
        "type": "github"
      }
    },
    "evil-org-mode": {
      "flake": false,
      "locked": {
        "lastModified": 1607203864,
        "narHash": "sha256-JxwqVYDN6OIJEH15MVI6XOZAPtUWUhJQWHyzcrUvrFg=",
        "owner": "hlissner",
        "repo": "evil-org-mode",
        "rev": "a9706da260c45b98601bcd72b1d2c0a24a017700",
        "type": "github"
      },
      "original": {
        "owner": "hlissner",
        "repo": "evil-org-mode",
        "type": "github"
      }
    },
    "evil-quick-diff": {
      "flake": false,
      "locked": {
        "lastModified": 1575189609,
        "narHash": "sha256-oGzl1ayW9rIuq0haoiFS7RZsS8NFMdEA7K1BSozgnJU=",
        "owner": "rgrinberg",
        "repo": "evil-quick-diff",
        "rev": "69c883720b30a892c63bc89f49d4f0e8b8028908",
        "type": "github"
      },
      "original": {
        "owner": "rgrinberg",
        "repo": "evil-quick-diff",
        "type": "github"
      }
    },
    "explain-pause-mode": {
      "flake": false,
      "locked": {
        "lastModified": 1595842060,
        "narHash": "sha256-++znrjiDSx+cy4okFBBXUBkRFdtnE2x+trkmqjB3Njs=",
        "owner": "lastquestion",
        "repo": "explain-pause-mode",
        "rev": "2356c8c3639cbeeb9751744dbe737267849b4b51",
        "type": "github"
      },
      "original": {
        "owner": "lastquestion",
        "repo": "explain-pause-mode",
        "type": "github"
      }
    },
    "firefox-gnome-theme": {
      "flake": false,
      "locked": {
        "lastModified": 1764724327,
        "narHash": "sha256-OkFLrD3pFR952TrjQi1+Vdj604KLcMnkpa7lkW7XskI=",
        "owner": "rafaelmardojai",
        "repo": "firefox-gnome-theme",
        "rev": "66b7c635763d8e6eb86bd766de5a1e1fbfcc1047",
        "type": "github"
      },
      "original": {
        "owner": "rafaelmardojai",
        "repo": "firefox-gnome-theme",
        "type": "github"
      }
    },
    "flake-compat": {
      "flake": false,
      "locked": {
        "lastModified": 1761588595,
        "narHash": "sha256-XKUZz9zewJNUj46b4AJdiRZJAvSZ0Dqj2BNfXvFlJC4=",
        "owner": "edolstra",
        "repo": "flake-compat",
        "rev": "f387cd2afec9419c8ee37694406ca490c3f34ee5",
        "type": "github"
      },
      "original": {
        "owner": "edolstra",
        "repo": "flake-compat",
        "type": "github"
      }
    },
    "flake-compat_2": {
      "flake": false,
      "locked": {
        "lastModified": 1673956053,
        "narHash": "sha256-4gtG9iQuiKITOjNQQeQIpoIB6b16fm+504Ch3sNKLd8=",
        "owner": "edolstra",
        "repo": "flake-compat",
        "rev": "35bb57c0c8d8b62bbfd284272c928ceb64ddbde9",
        "type": "github"
      },
      "original": {
        "owner": "edolstra",
        "repo": "flake-compat",
        "type": "github"
      }
    },
    "flake-parts": {
      "inputs": {
        "nixpkgs-lib": "nixpkgs-lib"
      },
      "locked": {
        "lastModified": 1763759067,
        "narHash": "sha256-LlLt2Jo/gMNYAwOgdRQBrsRoOz7BPRkzvNaI/fzXi2Q=",
        "owner": "hercules-ci",
        "repo": "flake-parts",
        "rev": "2cccadc7357c0ba201788ae99c4dfa90728ef5e0",
        "type": "github"
      },
      "original": {
        "owner": "hercules-ci",
        "repo": "flake-parts",
        "type": "github"
      }
    },
    "flake-parts_2": {
      "inputs": {
        "nixpkgs-lib": [
          "stylix",
          "nixpkgs"
        ]
      },
      "locked": {
        "lastModified": 1763759067,
        "narHash": "sha256-LlLt2Jo/gMNYAwOgdRQBrsRoOz7BPRkzvNaI/fzXi2Q=",
        "owner": "hercules-ci",
        "repo": "flake-parts",
        "rev": "2cccadc7357c0ba201788ae99c4dfa90728ef5e0",
        "type": "github"
      },
      "original": {
        "owner": "hercules-ci",
        "repo": "flake-parts",
        "type": "github"
      }
    },
    "flake-utils": {
      "inputs": {
        "systems": "systems_2"
      },
      "locked": {
        "lastModified": 1726560853,
        "narHash": "sha256-X6rJYSESBVr3hBoH0WbKE5KvhPU5bloyZ2L4K60/fPQ=",
        "owner": "numtide",
        "repo": "flake-utils",
        "rev": "c1dfcf08411b08f6b8615f7d8971a2bfa81d5e8a",
        "type": "github"
      },
      "original": {
        "owner": "numtide",
        "repo": "flake-utils",
        "type": "github"
      }
    },
    "flake-utils_2": {
      "inputs": {
        "systems": "systems_3"
      },
      "locked": {
        "lastModified": 1694529238,
        "narHash": "sha256-zsNZZGTGnMOf9YpHKJqMSsa0dXbfmxeoJ7xHlrt+xmY=",
        "owner": "numtide",
        "repo": "flake-utils",
        "rev": "ff7b65b44d01cf9ba6a71320833626af21126384",
        "type": "github"
      },
      "original": {
        "owner": "numtide",
        "repo": "flake-utils",
        "type": "github"
      }
    },
    "flakey-profile": {
      "locked": {
        "lastModified": 1712898590,
        "narHash": "sha256-FhGIEU93VHAChKEXx905TSiPZKga69bWl1VB37FK//I=",
        "owner": "lf-",
        "repo": "flakey-profile",
        "rev": "243c903fd8eadc0f63d205665a92d4df91d42d9d",
        "type": "github"
      },
      "original": {
        "owner": "lf-",
        "repo": "flakey-profile",
        "type": "github"
      }
    },
    "format-all": {
      "flake": false,
      "locked": {
        "lastModified": 1581716637,
        "narHash": "sha256-ul7LCe60W8TIvUmUtZtZRo8489TK9iTPDsLHmzxY57M=",
        "owner": "lassik",
        "repo": "emacs-format-all-the-code",
        "rev": "47d862d40a088ca089c92cd393c6dca4628f87d3",
        "type": "github"
      },
      "original": {
        "owner": "lassik",
        "repo": "emacs-format-all-the-code",
        "rev": "47d862d40a088ca089c92cd393c6dca4628f87d3",
        "type": "github"
      }
    },
    "fromYaml": {
      "flake": false,
      "locked": {
        "lastModified": 1731966426,
        "narHash": "sha256-lq95WydhbUTWig/JpqiB7oViTcHFP8Lv41IGtayokA8=",
        "owner": "SenchoPens",
        "repo": "fromYaml",
        "rev": "106af9e2f715e2d828df706c386a685698f3223b",
        "type": "github"
      },
      "original": {
        "owner": "SenchoPens",
        "repo": "fromYaml",
        "type": "github"
      }
    },
    "gitignore": {
      "inputs": {
        "nixpkgs": [
          "hyprland",
          "pre-commit-hooks",
          "nixpkgs"
        ]
      },
      "locked": {
        "lastModified": 1709087332,
        "narHash": "sha256-HG2cCnktfHsKV0s4XW83gU3F57gaTljL9KNSuG6bnQs=",
        "owner": "hercules-ci",
        "repo": "gitignore.nix",
        "rev": "637db329424fd7e46cf4185293b9cc8c88c95394",
        "type": "github"
      },
      "original": {
        "owner": "hercules-ci",
        "repo": "gitignore.nix",
        "type": "github"
      }
    },
    "gnome-shell": {
      "flake": false,
      "locked": {
        "host": "gitlab.gnome.org",
        "lastModified": 1764524476,
        "narHash": "sha256-bTmNn3Q4tMQ0J/P0O5BfTQwqEnCiQIzOGef9/aqAZvk=",
        "owner": "GNOME",
        "repo": "gnome-shell",
        "rev": "c0e1ad9f0f703fd0519033b8f46c3267aab51a22",
        "type": "gitlab"
      },
      "original": {
        "host": "gitlab.gnome.org",
        "owner": "GNOME",
        "ref": "gnome-49",
        "repo": "gnome-shell",
        "type": "gitlab"
      }
    },
    "hardware": {
      "locked": {
        "lastModified": 1764440730,
        "narHash": "sha256-ZlJTNLUKQRANlLDomuRWLBCH5792x+6XUJ4YdFRjtO4=",
        "owner": "NixOS",
        "repo": "nixos-hardware",
        "rev": "9154f4569b6cdfd3c595851a6ba51bfaa472d9f3",
        "type": "github"
      },
      "original": {
        "owner": "NixOS",
        "ref": "master",
        "repo": "nixos-hardware",
        "type": "github"
      }
    },
    "home-manager": {
      "inputs": {
        "nixpkgs": [
          "nixpkgs"
        ]
      },
      "locked": {
        "lastModified": 1765384171,
        "narHash": "sha256-FuFtkJrW1Z7u+3lhzPRau69E0CNjADku1mLQQflUORo=",
        "owner": "nix-community",
        "repo": "home-manager",
        "rev": "44777152652bc9eacf8876976fa72cc77ca8b9d8",
        "type": "github"
      },
      "original": {
        "owner": "nix-community",
        "ref": "release-25.11",
        "repo": "home-manager",
        "type": "github"
      }
    },
    "hyprcursor": {
      "inputs": {
        "hyprlang": [
          "hyprland",
          "hyprlang"
        ],
        "nixpkgs": [
          "hyprland",
          "nixpkgs"
        ],
        "systems": [
          "hyprland",
          "systems"
        ]
      },
      "locked": {
        "lastModified": 1753964049,
        "narHash": "sha256-lIqabfBY7z/OANxHoPeIrDJrFyYy9jAM4GQLzZ2feCM=",
        "owner": "hyprwm",
        "repo": "hyprcursor",
        "rev": "44e91d467bdad8dcf8bbd2ac7cf49972540980a5",
        "type": "github"
      },
      "original": {
        "owner": "hyprwm",
        "repo": "hyprcursor",
        "type": "github"
      }
    },
    "hyprgraphics": {
      "inputs": {
        "hyprutils": [
          "hyprland",
          "hyprutils"
        ],
        "nixpkgs": [
          "hyprland",
          "nixpkgs"
        ],
        "systems": [
          "hyprland",
          "systems"
        ]
      },
      "locked": {
        "lastModified": 1763733840,
        "narHash": "sha256-JnET78yl5RvpGuDQy3rCycOCkiKoLr5DN1fPhRNNMco=",
        "owner": "hyprwm",
        "repo": "hyprgraphics",
        "rev": "8f1bec691b2d198c60cccabca7a94add2df4ed1a",
        "type": "github"
      },
      "original": {
        "owner": "hyprwm",
        "repo": "hyprgraphics",
        "type": "github"
      }
    },
    "hyprkeys": {
      "inputs": {
        "nix-filter": "nix-filter",
        "nixpkgs": [
          "nixpkgs"
        ]
      },
      "locked": {
        "lastModified": 1725026117,
        "narHash": "sha256-DxTqewAA/RW4TBoR07bW+iZ1fCu4CdEyXWgsjExMg94=",
        "owner": "hyprland-community",
        "repo": "hyprkeys",
        "rev": "abf988b626ab7c4553bfb6f0083fa8552b591b29",
        "type": "github"
      },
      "original": {
        "owner": "hyprland-community",
        "repo": "hyprkeys",
        "type": "github"
      }
    },
    "hyprland": {
      "inputs": {
        "aquamarine": "aquamarine",
        "hyprcursor": "hyprcursor",
        "hyprgraphics": "hyprgraphics",
        "hyprland-guiutils": "hyprland-guiutils",
        "hyprland-protocols": "hyprland-protocols",
        "hyprlang": "hyprlang",
        "hyprutils": "hyprutils",
        "hyprwayland-scanner": "hyprwayland-scanner",
        "hyprwire": "hyprwire",
        "nixpkgs": [
          "nixpkgs"
        ],
        "pre-commit-hooks": "pre-commit-hooks",
        "systems": "systems",
        "xdph": "xdph"
      },
      "locked": {
        "lastModified": 1764982118,
        "narHash": "sha256-j6UKiZKxNZNZ3pY2OLR+b/n4rRA+sBGmahtxkwerRTo=",
        "ref": "refs/heads/main",
        "rev": "cedadf4fdc63e04ab41cab00c0417ba248ce748e",
        "revCount": 6685,
        "submodules": true,
        "type": "git",
        "url": "https://github.com/hyprwm/hyprland"
      },
      "original": {
        "submodules": true,
        "type": "git",
        "url": "https://github.com/hyprwm/hyprland"
      }
    },
    "hyprland-guiutils": {
      "inputs": {
        "aquamarine": [
          "hyprland",
          "aquamarine"
        ],
        "hyprgraphics": [
          "hyprland",
          "hyprgraphics"
        ],
        "hyprlang": [
          "hyprland",
          "hyprlang"
        ],
        "hyprtoolkit": "hyprtoolkit",
        "hyprutils": [
          "hyprland",
          "hyprutils"
        ],
        "hyprwayland-scanner": [
          "hyprland",
          "hyprwayland-scanner"
        ],
        "nixpkgs": [
          "hyprland",
          "nixpkgs"
        ],
        "systems": [
          "hyprland",
          "systems"
        ]
      },
      "locked": {
        "lastModified": 1764616927,
        "narHash": "sha256-wRT0MKkpPo11ijSX3KeMN+EQWnpSeUlRtyF3pFLtlRU=",
        "owner": "hyprwm",
        "repo": "hyprland-guiutils",
        "rev": "25cedbfdc5b3ea391d8307c9a5bea315e5df3c52",
        "type": "github"
      },
      "original": {
        "owner": "hyprwm",
        "repo": "hyprland-guiutils",
        "type": "github"
      }
    },
    "hyprland-protocols": {
      "inputs": {
        "nixpkgs": [
          "hyprland",
          "nixpkgs"
        ],
        "systems": [
          "hyprland",
          "systems"
        ]
      },
      "locked": {
        "lastModified": 1759610243,
        "narHash": "sha256-+KEVnKBe8wz+a6dTLq8YDcF3UrhQElwsYJaVaHXJtoI=",
        "owner": "hyprwm",
        "repo": "hyprland-protocols",
        "rev": "bd153e76f751f150a09328dbdeb5e4fab9d23622",
        "type": "github"
      },
      "original": {
        "owner": "hyprwm",
        "repo": "hyprland-protocols",
        "type": "github"
      }
    },
    "hyprlang": {
      "inputs": {
        "hyprutils": [
          "hyprland",
          "hyprutils"
        ],
        "nixpkgs": [
          "hyprland",
          "nixpkgs"
        ],
        "systems": [
          "hyprland",
          "systems"
        ]
      },
      "locked": {
        "lastModified": 1764612430,
        "narHash": "sha256-54ltTSbI6W+qYGMchAgCR6QnC1kOdKXN6X6pJhOWxFg=",
        "owner": "hyprwm",
        "repo": "hyprlang",
        "rev": "0d00dc118981531aa731150b6ea551ef037acddd",
        "type": "github"
      },
      "original": {
        "owner": "hyprwm",
        "repo": "hyprlang",
        "type": "github"
      }
    },
    "hyprtoolkit": {
      "inputs": {
        "aquamarine": [
          "hyprland",
          "hyprland-guiutils",
          "aquamarine"
        ],
        "hyprgraphics": [
          "hyprland",
          "hyprland-guiutils",
          "hyprgraphics"
        ],
        "hyprlang": [
          "hyprland",
          "hyprland-guiutils",
          "hyprlang"
        ],
        "hyprutils": [
          "hyprland",
          "hyprland-guiutils",
          "hyprutils"
        ],
        "hyprwayland-scanner": [
          "hyprland",
          "hyprland-guiutils",
          "hyprwayland-scanner"
        ],
        "nixpkgs": [
          "hyprland",
          "hyprland-guiutils",
          "nixpkgs"
        ],
        "systems": [
          "hyprland",
          "hyprland-guiutils",
          "systems"
        ]
      },
      "locked": {
        "lastModified": 1764592794,
        "narHash": "sha256-7CcO+wbTJ1L1NBQHierHzheQGPWwkIQug/w+fhTAVuU=",
        "owner": "hyprwm",
        "repo": "hyprtoolkit",
        "rev": "5cfe0743f0e608e1462972303778d8a0859ee63e",
        "type": "github"
      },
      "original": {
        "owner": "hyprwm",
        "repo": "hyprtoolkit",
        "type": "github"
      }
    },
    "hyprutils": {
      "inputs": {
        "nixpkgs": [
          "hyprland",
          "nixpkgs"
        ],
        "systems": [
          "hyprland",
          "systems"
        ]
      },
      "locked": {
        "lastModified": 1764637132,
        "narHash": "sha256-vSyiKCzSY48kA3v39GFu6qgRfigjKCU/9k1KTK475gg=",
        "owner": "hyprwm",
        "repo": "hyprutils",
        "rev": "2f2413801beee37303913fc3c964bbe92252a963",
        "type": "github"
      },
      "original": {
        "owner": "hyprwm",
        "repo": "hyprutils",
        "type": "github"
      }
    },
    "hyprwayland-scanner": {
      "inputs": {
        "nixpkgs": [
          "hyprland",
          "nixpkgs"
        ],
        "systems": [
          "hyprland",
          "systems"
        ]
      },
      "locked": {
        "lastModified": 1763640274,
        "narHash": "sha256-Uan1Nl9i4TF/kyFoHnTq1bd/rsWh4GAK/9/jDqLbY5A=",
        "owner": "hyprwm",
        "repo": "hyprwayland-scanner",
        "rev": "f6cf414ca0e16a4d30198fd670ec86df3c89f671",
        "type": "github"
      },
      "original": {
        "owner": "hyprwm",
        "repo": "hyprwayland-scanner",
        "type": "github"
      }
    },
    "hyprwire": {
      "inputs": {
        "hyprutils": [
          "hyprland",
          "hyprutils"
        ],
        "nixpkgs": [
          "hyprland",
          "nixpkgs"
        ],
        "systems": [
          "hyprland",
          "systems"
        ]
      },
      "locked": {
        "lastModified": 1764773840,
        "narHash": "sha256-9UcCdwe7vPgEcJJ64JseBQL0ZJZoxp/2iFuvfRI+9zk=",
        "owner": "hyprwm",
        "repo": "hyprwire",
        "rev": "3f1997d6aeced318fb141810fded2255da811293",
        "type": "github"
      },
      "original": {
        "owner": "hyprwm",
        "repo": "hyprwire",
        "type": "github"
      }
    },
    "hyprwn-contrib": {
      "inputs": {
        "nixpkgs": [
          "nixpkgs"
        ]
      },
      "locked": {
        "lastModified": 1764589287,
        "narHash": "sha256-71vBBU9GC+A+tdqAuFDRdx8WEVuj4OaVY5apoaAALkc=",
        "owner": "hyprwm",
        "repo": "contrib",
        "rev": "e88d93f8aed2b9631b62ca273590fd3528310d7e",
        "type": "github"
      },
      "original": {
        "owner": "hyprwm",
        "repo": "contrib",
        "type": "github"
      }
    },
    "impermanence": {
      "locked": {
        "lastModified": 1737831083,
        "narHash": "sha256-LJggUHbpyeDvNagTUrdhe/pRVp4pnS6wVKALS782gRI=",
        "owner": "nix-community",
        "repo": "impermanence",
        "rev": "4b3e914cdf97a5b536a889e939fb2fd2b043a170",
        "type": "github"
      },
      "original": {
        "owner": "nix-community",
        "repo": "impermanence",
        "type": "github"
      }
    },
    "lix": {
      "flake": false,
      "locked": {
        "lastModified": 1729298361,
        "narHash": "sha256-hiGtfzxFkDc9TSYsb96Whg0vnqBVV7CUxyscZNhed0U=",
        "rev": "ad9d06f7838a25beec425ff406fe68721fef73be",
        "type": "tarball",
        "url": "https://git.lix.systems/api/v1/repos/lix-project/lix/archive/ad9d06f7838a25beec425ff406fe68721fef73be.tar.gz?rev=ad9d06f7838a25beec425ff406fe68721fef73be"
      },
      "original": {
        "type": "tarball",
        "url": "https://git.lix.systems/lix-project/lix/archive/2.91.1.tar.gz"
      }
    },
    "lix-module": {
      "inputs": {
        "flake-utils": "flake-utils",
        "flakey-profile": "flakey-profile",
        "lix": "lix",
        "nixpkgs": [
          "nixpkgs"
        ]
      },
      "locked": {
        "lastModified": 1729360442,
        "narHash": "sha256-6U0CyPycIBc04hbYy2hBINnVso58n/ZyywY2BD3hu+s=",
        "rev": "9098ac95768f7006d7e070b88bae76939f6034e6",
        "type": "tarball",
        "url": "https://git.lix.systems/api/v1/repos/lix-project/nixos-module/archive/9098ac95768f7006d7e070b88bae76939f6034e6.tar.gz"
      },
      "original": {
        "type": "tarball",
        "url": "https://git.lix.systems/lix-project/nixos-module/archive/2.91.1-1.tar.gz"
      }
    },
    "nh": {
      "inputs": {
        "nixpkgs": [
          "nixpkgs"
        ]
      },
      "locked": {
        "lastModified": 1712645404,
        "narHash": "sha256-uEVd15WsX+Wti9PXW724puFcsFO72VTiJyBwW2WXT9M=",
        "owner": "viperML",
        "repo": "nh",
        "rev": "fe4a96a0b0b0662dba7c186b4a1746c70bbcad03",
        "type": "github"
      },
      "original": {
        "owner": "viperML",
        "ref": "fe4a96a0b0b0662dba7c186b4a1746c70bbcad03",
        "repo": "nh",
        "type": "github"
      }
    },
    "nix-colors": {
      "inputs": {
        "base16-schemes": "base16-schemes",
        "nixpkgs-lib": "nixpkgs-lib_2"
      },
      "locked": {
        "lastModified": 1707825078,
        "narHash": "sha256-hTfge2J2W+42SZ7VHXkf4kjU+qzFqPeC9k66jAUBMHk=",
        "owner": "misterio77",
        "repo": "nix-colors",
        "rev": "b01f024090d2c4fc3152cd0cf12027a7b8453ba1",
        "type": "github"
      },
      "original": {
        "owner": "misterio77",
        "repo": "nix-colors",
        "type": "github"
      }
    },
    "nix-doom-emacs": {
      "inputs": {
        "doom-emacs": "doom-emacs",
        "doom-snippets": "doom-snippets",
        "emacs-overlay": "emacs-overlay",
        "emacs-so-long": "emacs-so-long",
        "evil-escape": "evil-escape",
        "evil-markdown": "evil-markdown",
        "evil-org-mode": "evil-org-mode",
        "evil-quick-diff": "evil-quick-diff",
        "explain-pause-mode": "explain-pause-mode",
        "flake-compat": "flake-compat_2",
        "flake-utils": "flake-utils_2",
        "format-all": "format-all",
        "nix-straight": "nix-straight",
        "nixpkgs": "nixpkgs",
        "nose": "nose",
        "ob-racket": "ob-racket",
        "org": "org",
        "org-contrib": "org-contrib",
        "org-yt": "org-yt",
        "php-extras": "php-extras",
        "revealjs": "revealjs",
        "rotate-text": "rotate-text",
        "sln-mode": "sln-mode",
        "ts-fold": "ts-fold",
        "ws-butler": "ws-butler"
      },
      "locked": {
        "lastModified": 1757881340,
        "narHash": "sha256-bTrp7CtkIrczwpg0kayedP9T91+xEYcWci3GvkBsThc=",
        "owner": "nix-community",
        "repo": "nix-doom-emacs",
        "rev": "dbb02d7cb21f2826acf76b956bc3fe18dcf7ec5d",
        "type": "github"
      },
      "original": {
        "owner": "nix-community",
        "repo": "nix-doom-emacs",
        "type": "github"
      }
    },
    "nix-filter": {
      "locked": {
        "lastModified": 1701697642,
        "narHash": "sha256-L217WytWZHSY8GW9Gx1A64OnNctbuDbfslaTEofXXRw=",
        "owner": "numtide",
        "repo": "nix-filter",
        "rev": "c843418ecfd0344ecb85844b082ff5675e02c443",
        "type": "github"
      },
      "original": {
        "owner": "numtide",
        "repo": "nix-filter",
        "type": "github"
      }
    },
    "nix-ld": {
      "inputs": {
        "nixpkgs": [
          "nixpkgs"
        ]
      },
      "locked": {
        "lastModified": 1764580771,
        "narHash": "sha256-3I1qURSp6UAcIbkukHH/zfqlEossMQazrnYS1nnrxqw=",
        "owner": "Mic92",
        "repo": "nix-ld",
        "rev": "79314e5cc6efb4e8408a4f838d50deca7e010d6c",
        "type": "github"
      },
      "original": {
        "owner": "Mic92",
        "repo": "nix-ld",
        "type": "github"
      }
    },
    "nix-straight": {
      "flake": false,
      "locked": {
        "lastModified": 1694361489,
        "narHash": "sha256-kjDp+j6OtrmqbtjQB5uuOtjS08+kgJQuxFqhWE1Y9Rw=",
        "owner": "nix-community",
        "repo": "nix-straight.el",
        "rev": "748be99b84be0b130e946288099806a0f16d6e57",
        "type": "github"
      },
      "original": {
        "owner": "nix-community",
        "repo": "nix-straight.el",
        "type": "github"
      }
    },
    "nixlib": {
      "locked": {
        "lastModified": 1736643958,
        "narHash": "sha256-tmpqTSWVRJVhpvfSN9KXBvKEXplrwKnSZNAoNPf/S/s=",
        "owner": "nix-community",
        "repo": "nixpkgs.lib",
        "rev": "1418bc28a52126761c02dd3d89b2d8ca0f521181",
        "type": "github"
      },
      "original": {
        "owner": "nix-community",
        "repo": "nixpkgs.lib",
        "type": "github"
      }
    },
    "nixos-generators": {
      "inputs": {
        "nixlib": "nixlib",
        "nixpkgs": [
          "nixpkgs"
        ]
      },
      "locked": {
        "lastModified": 1764234087,
        "narHash": "sha256-NHF7QWa0ZPT8hsJrvijREW3+nifmF2rTXgS2v0tpcEA=",
        "owner": "nix-community",
        "repo": "nixos-generators",
        "rev": "032a1878682fafe829edfcf5fdfad635a2efe748",
        "type": "github"
      },
      "original": {
        "owner": "nix-community",
        "repo": "nixos-generators",
        "type": "github"
      }
    },
    "nixpkgs": {
      "locked": {
        "lastModified": 1695806987,
        "narHash": "sha256-fX5kGs66NZIxCMcpAGIpxuftajHL8Hil1vjHmjjl118=",
        "owner": "NixOS",
        "repo": "nixpkgs",
        "rev": "f3dab3509afca932f3f4fd0908957709bb1c1f57",
        "type": "github"
      },
      "original": {
        "id": "nixpkgs",
        "ref": "nixpkgs-unstable",
        "type": "indirect"
      }
    },
    "nixpkgs-lib": {
      "locked": {
        "lastModified": 1761765539,
        "narHash": "sha256-b0yj6kfvO8ApcSE+QmA6mUfu8IYG6/uU28OFn4PaC8M=",
        "owner": "nix-community",
        "repo": "nixpkgs.lib",
        "rev": "719359f4562934ae99f5443f20aa06c2ffff91fc",
        "type": "github"
      },
      "original": {
        "owner": "nix-community",
        "repo": "nixpkgs.lib",
        "type": "github"
      }
    },
    "nixpkgs-lib_2": {
      "locked": {
        "lastModified": 1697935651,
        "narHash": "sha256-qOfWjQ2JQSQL15KLh6D7xQhx0qgZlYZTYlcEiRuAMMw=",
        "owner": "nix-community",
        "repo": "nixpkgs.lib",
        "rev": "e1e11fdbb01113d85c7f41cada9d2847660e3902",
        "type": "github"
      },
      "original": {
        "owner": "nix-community",
        "repo": "nixpkgs.lib",
        "type": "github"
      }
    },
    "nixpkgs-release": {
      "locked": {
        "lastModified": 1765002077,
        "narHash": "sha256-b5s8cSpCVcez2B7/KAgTsOxe9U7+9ijU/pb2xi77UZk=",
        "owner": "nixos",
        "repo": "nixpkgs",
        "rev": "5bebdb81e36019d0cdf94f6f07107775be71e980",
        "type": "github"
      },
      "original": {
        "owner": "nixos",
        "ref": "release-25.11",
        "repo": "nixpkgs",
        "type": "github"
      }
    },
    "nixpkgs-stable": {
      "locked": {
        "lastModified": 1764831616,
        "narHash": "sha256-OtzF5wBvO0jgW1WW1rQU9cMGx7zuvkF7CAVJ1ypzkxA=",
        "owner": "nixos",
        "repo": "nixpkgs",
        "rev": "c97c47f2bac4fa59e2cbdeba289686ae615f8ed4",
        "type": "github"
      },
      "original": {
        "owner": "nixos",
        "ref": "nixos-25.11",
        "repo": "nixpkgs",
        "type": "github"
      }
    },
    "nixpkgs-unstable": {
      "locked": {
        "lastModified": 1765186076,
        "narHash": "sha256-hM20uyap1a0M9d344I692r+ik4gTMyj60cQWO+hAYP8=",
        "owner": "NixOS",
        "repo": "nixpkgs",
        "rev": "addf7cf5f383a3101ecfba091b98d0a1263dc9b8",
        "type": "github"
      },
      "original": {
        "owner": "NixOS",
        "ref": "nixos-unstable",
        "repo": "nixpkgs",
        "type": "github"
      }
    },
    "nose": {
      "flake": false,
      "locked": {
        "lastModified": 1400604510,
        "narHash": "sha256-daEi8Kta1oGaDEmUUDDQMahTTPOpvNpDKk22rlr7cB0=",
        "owner": "emacsattic",
        "repo": "nose",
        "rev": "f8528297519eba911696c4e68fa88892de9a7b72",
        "type": "github"
      },
      "original": {
        "owner": "emacsattic",
        "repo": "nose",
        "type": "github"
      }
    },
    "nur": {
      "inputs": {
        "flake-parts": [
          "stylix",
          "flake-parts"
        ],
        "nixpkgs": [
          "stylix",
          "nixpkgs"
        ]
      },
      "locked": {
        "lastModified": 1764773531,
        "narHash": "sha256-mCBl7MD1WZ7yCG6bR9MmpPO2VydpNkWFgnslJRIT1YU=",
        "owner": "nix-community",
        "repo": "NUR",
        "rev": "1d9616689e98beded059ad0384b9951e967a17fa",
        "type": "github"
      },
      "original": {
        "owner": "nix-community",
        "repo": "NUR",
        "type": "github"
      }
    },
    "ob-racket": {
      "flake": false,
      "locked": {
        "lastModified": 1584656173,
        "narHash": "sha256-rBUYDDCXb+3D4xTPQo9UocbTPZ32kWV1Uya/1DmZknU=",
        "owner": "xchrishawk",
        "repo": "ob-racket",
        "rev": "83457ec9e1e96a29fd2086ed19432b9d75787673",
        "type": "github"
      },
      "original": {
        "owner": "xchrishawk",
        "repo": "ob-racket",
        "type": "github"
      }
    },
    "org": {
      "flake": false,
      "locked": {
        "lastModified": 1695726851,
        "narHash": "sha256-qgbjspklSoI8M3cbCJOcUdjuijRgsL/+PSyEOW9VX4I=",
        "owner": "emacs-straight",
        "repo": "org-mode",
        "rev": "aa9177e1a8b039c357d369c1c9aaab710bb247a9",
        "type": "github"
      },
      "original": {
        "owner": "emacs-straight",
        "repo": "org-mode",
        "type": "github"
      }
    },
    "org-contrib": {
      "flake": false,
      "locked": {
        "lastModified": 1694946041,
        "narHash": "sha256-X/HFG6NZe5BY00KvGbcsIuf9R6Lg8x7Uhd0Y5+Q3qZU=",
        "owner": "emacsmirror",
        "repo": "org-contrib",
        "rev": "5eabbf22bdd4523c922a30787e98ee66c24221aa",
        "type": "github"
      },
      "original": {
        "owner": "emacsmirror",
        "repo": "org-contrib",
        "type": "github"
      }
    },
    "org-yt": {
      "flake": false,
      "locked": {
        "lastModified": 1527381913,
        "narHash": "sha256-dzQ6B7ryzatHCTLyEnRSbWO0VUiX/FHYnpHTs74aVUs=",
        "owner": "TobiasZawada",
        "repo": "org-yt",
        "rev": "40cc1ac76d741055cbefa13860d9f070a7ade001",
        "type": "github"
      },
      "original": {
        "owner": "TobiasZawada",
        "repo": "org-yt",
        "type": "github"
      }
    },
    "php-extras": {
      "flake": false,
      "locked": {
        "lastModified": 1573312690,
        "narHash": "sha256-r4WyVbzvT0ra4Z6JywNBOw5RxOEYd6Qe2IpebHXkj1U=",
        "owner": "arnested",
        "repo": "php-extras",
        "rev": "d410c5af663c30c01d461ac476d1cbfbacb49367",
        "type": "github"
      },
      "original": {
        "owner": "arnested",
        "repo": "php-extras",
        "type": "github"
      }
    },
    "pre-commit-hooks": {
      "inputs": {
        "flake-compat": "flake-compat",
        "gitignore": "gitignore",
        "nixpkgs": [
          "hyprland",
          "nixpkgs"
        ]
      },
      "locked": {
        "lastModified": 1763988335,
        "narHash": "sha256-QlcnByMc8KBjpU37rbq5iP7Cp97HvjRP0ucfdh+M4Qc=",
        "owner": "cachix",
        "repo": "git-hooks.nix",
        "rev": "50b9238891e388c9fdc6a5c49e49c42533a1b5ce",
        "type": "github"
      },
      "original": {
        "owner": "cachix",
        "repo": "git-hooks.nix",
        "type": "github"
      }
    },
    "revealjs": {
      "flake": false,
      "locked": {
        "lastModified": 1695738029,
        "narHash": "sha256-Z9c9Q41jMkj/DyXOiZYyIa7Gmn8VB8yauTyWrSsT+ps=",
        "owner": "hakimel",
        "repo": "reveal.js",
        "rev": "88fbfc5751ad01e3f6adee5819eabeb9e73c3757",
        "type": "github"
      },
      "original": {
        "owner": "hakimel",
        "repo": "reveal.js",
        "type": "github"
      }
    },
    "root": {
      "inputs": {
        "disko": "disko",
        "dnsblacklist": "dnsblacklist",
        "flake-parts": "flake-parts",
        "hardware": "hardware",
        "home-manager": "home-manager",
        "hyprkeys": "hyprkeys",
        "hyprland": "hyprland",
        "hyprwn-contrib": "hyprwn-contrib",
        "impermanence": "impermanence",
        "lix-module": "lix-module",
        "nh": "nh",
        "nix-colors": "nix-colors",
        "nix-doom-emacs": "nix-doom-emacs",
        "nix-ld": "nix-ld",
        "nixos-generators": "nixos-generators",
        "nixpkgs": [
          "nixpkgs-stable"
        ],
        "nixpkgs-release": "nixpkgs-release",
        "nixpkgs-stable": "nixpkgs-stable",
        "nixpkgs-unstable": "nixpkgs-unstable",
        "sops-nix": "sops-nix",
        "stylix": "stylix"
      }
    },
    "rotate-text": {
      "flake": false,
      "locked": {
        "lastModified": 1322962747,
        "narHash": "sha256-SOeOgSlcEIsKhUiYDJv0p+mLUb420s9E2BmvZQvZ0wk=",
        "owner": "debug-ito",
        "repo": "rotate-text.el",
        "rev": "48f193697db996855aee1ad2bc99b38c6646fe76",
        "type": "github"
      },
      "original": {
        "owner": "debug-ito",
        "repo": "rotate-text.el",
        "type": "github"
      }
    },
    "sln-mode": {
      "flake": false,
      "locked": {
        "lastModified": 1423727528,
        "narHash": "sha256-XqkqPyEJuTtFslOz1fpTf/Klbd/zA7IGpzpmum/MGao=",
        "owner": "sensorflo",
        "repo": "sln-mode",
        "rev": "0f91d1b957c7d2a7bab9278ec57b54d57f1dbd9c",
        "type": "github"
      },
      "original": {
        "owner": "sensorflo",
        "repo": "sln-mode",
        "type": "github"
      }
    },
    "sops-nix": {
      "inputs": {
        "nixpkgs": [
          "nixpkgs"
        ]
      },
      "locked": {
        "lastModified": 1764483358,
        "narHash": "sha256-EyyvCzXoHrbL467YSsQBTWWg4sR96MH1sPpKoSOelB4=",
        "owner": "mic92",
        "repo": "sops-nix",
        "rev": "5aca6ff67264321d47856a2ed183729271107c9c",
        "type": "github"
      },
      "original": {
        "owner": "mic92",
        "repo": "sops-nix",
        "type": "github"
      }
    },
    "stylix": {
      "inputs": {
        "base16": "base16",
        "base16-fish": "base16-fish",
        "base16-helix": "base16-helix",
        "base16-vim": "base16-vim",
        "firefox-gnome-theme": "firefox-gnome-theme",
        "flake-parts": "flake-parts_2",
        "gnome-shell": "gnome-shell",
        "nixpkgs": [
          "nixpkgs"
        ],
        "nur": "nur",
        "systems": "systems_4",
        "tinted-foot": "tinted-foot",
        "tinted-kitty": "tinted-kitty",
        "tinted-schemes": "tinted-schemes",
        "tinted-tmux": "tinted-tmux",
        "tinted-zed": "tinted-zed"
      },
      "locked": {
        "lastModified": 1765390488,
        "narHash": "sha256-fHD0DpxyZ4nXGTPl5D1YRIn6Udd2kW7VIWO19s7HWnE=",
        "owner": "danth",
        "repo": "stylix",
        "rev": "93c8a26eeed48e08433b8ba4701a9aee87e349a3",
        "type": "github"
      },
      "original": {
        "owner": "danth",
        "ref": "release-25.11",
        "repo": "stylix",
        "type": "github"
      }
    },
    "systems": {
      "locked": {
        "lastModified": 1689347949,
        "narHash": "sha256-12tWmuL2zgBgZkdoB6qXZsgJEH9LR3oUgpaQq2RbI80=",
        "owner": "nix-systems",
        "repo": "default-linux",
        "rev": "31732fcf5e8fea42e59c2488ad31a0e651500f68",
        "type": "github"
      },
      "original": {
        "owner": "nix-systems",
        "repo": "default-linux",
        "type": "github"
      }
    },
    "systems_2": {
      "locked": {
        "lastModified": 1681028828,
        "narHash": "sha256-Vy1rq5AaRuLzOxct8nz4T6wlgyUR7zLU309k9mBC768=",
        "owner": "nix-systems",
        "repo": "default",
        "rev": "da67096a3b9bf56a91d16901293e51ba5b49a27e",
        "type": "github"
      },
      "original": {
        "owner": "nix-systems",
        "repo": "default",
        "type": "github"
      }
    },
    "systems_3": {
      "locked": {
        "lastModified": 1681028828,
        "narHash": "sha256-Vy1rq5AaRuLzOxct8nz4T6wlgyUR7zLU309k9mBC768=",
        "owner": "nix-systems",
        "repo": "default",
        "rev": "da67096a3b9bf56a91d16901293e51ba5b49a27e",
        "type": "github"
      },
      "original": {
        "owner": "nix-systems",
        "repo": "default",
        "type": "github"
      }
    },
    "systems_4": {
      "locked": {
        "lastModified": 1681028828,
        "narHash": "sha256-Vy1rq5AaRuLzOxct8nz4T6wlgyUR7zLU309k9mBC768=",
        "owner": "nix-systems",
        "repo": "default",
        "rev": "da67096a3b9bf56a91d16901293e51ba5b49a27e",
        "type": "github"
      },
      "original": {
        "owner": "nix-systems",
        "repo": "default",
        "type": "github"
      }
    },
    "tinted-foot": {
      "flake": false,
      "locked": {
        "lastModified": 1726913040,
        "narHash": "sha256-+eDZPkw7efMNUf3/Pv0EmsidqdwNJ1TaOum6k7lngDQ=",
        "owner": "tinted-theming",
        "repo": "tinted-foot",
        "rev": "fd1b924b6c45c3e4465e8a849e67ea82933fcbe4",
        "type": "github"
      },
      "original": {
        "owner": "tinted-theming",
        "repo": "tinted-foot",
        "rev": "fd1b924b6c45c3e4465e8a849e67ea82933fcbe4",
        "type": "github"
      }
    },
    "tinted-kitty": {
      "flake": false,
      "locked": {
        "lastModified": 1735730497,
        "narHash": "sha256-4KtB+FiUzIeK/4aHCKce3V9HwRvYaxX+F1edUrfgzb8=",
        "owner": "tinted-theming",
        "repo": "tinted-kitty",
        "rev": "de6f888497f2c6b2279361bfc790f164bfd0f3fa",
        "type": "github"
      },
      "original": {
        "owner": "tinted-theming",
        "repo": "tinted-kitty",
        "type": "github"
      }
    },
    "tinted-schemes": {
      "flake": false,
      "locked": {
        "lastModified": 1763914658,
        "narHash": "sha256-Hju0WtMf3iForxtOwXqGp3Ynipo0EYx1AqMKLPp9BJw=",
        "owner": "tinted-theming",
        "repo": "schemes",
        "rev": "0f6be815d258e435c9b137befe5ef4ff24bea32c",
        "type": "github"
      },
      "original": {
        "owner": "tinted-theming",
        "repo": "schemes",
        "type": "github"
      }
    },
    "tinted-tmux": {
      "flake": false,
      "locked": {
        "lastModified": 1764465359,
        "narHash": "sha256-lbSVPqLEk2SqMrnpvWuKYGCaAlfWFMA6MVmcOFJjdjE=",
        "owner": "tinted-theming",
        "repo": "tinted-tmux",
        "rev": "edf89a780e239263cc691a987721f786ddc4f6aa",
        "type": "github"
      },
      "original": {
        "owner": "tinted-theming",
        "repo": "tinted-tmux",
        "type": "github"
      }
    },
    "tinted-zed": {
      "flake": false,
      "locked": {
        "lastModified": 1764464512,
        "narHash": "sha256-rCD/pAhkMdCx6blsFwxIyvBJbPZZ1oL2sVFrH07lmqg=",
        "owner": "tinted-theming",
        "repo": "base16-zed",
        "rev": "907dbba5fb8cf69ebfd90b00813418a412d0a29a",
        "type": "github"
      },
      "original": {
        "owner": "tinted-theming",
        "repo": "base16-zed",
        "type": "github"
      }
    },
    "ts-fold": {
      "flake": false,
      "locked": {
        "lastModified": 1695278494,
        "narHash": "sha256-O4NcUC1u08W8ZslqoA/i+iTaLotKwheURXQWBxLLMFc=",
        "owner": "jcs-elpa",
        "repo": "ts-fold",
        "rev": "70b2c79ff4daa7351d4e2917b0343b9a18d4d4f2",
        "type": "github"
      },
      "original": {
        "owner": "jcs-elpa",
        "repo": "ts-fold",
        "type": "github"
      }
    },
    "ws-butler": {
      "flake": false,
      "locked": {
        "lastModified": 1634511126,
        "narHash": "sha256-c0y0ZPtxxICPk+eaNbbQf6t+FRCliNY54CCz9QHQ8ZI=",
        "owner": "hlissner",
        "repo": "ws-butler",
        "rev": "572a10c11b6cb88293de48acbb59a059d36f9ba5",
        "type": "github"
      },
      "original": {
        "owner": "hlissner",
        "repo": "ws-butler",
        "type": "github"
      }
    },
    "xdph": {
      "inputs": {
        "hyprland-protocols": [
          "hyprland",
          "hyprland-protocols"
        ],
        "hyprlang": [
          "hyprland",
          "hyprlang"
        ],
        "hyprutils": [
          "hyprland",
          "hyprutils"
        ],
        "hyprwayland-scanner": [
          "hyprland",
          "hyprwayland-scanner"
        ],
        "nixpkgs": [
          "hyprland",
          "nixpkgs"
        ],
        "systems": [
          "hyprland",
          "systems"
        ]
      },
      "locked": {
        "lastModified": 1761431178,
        "narHash": "sha256-xzjC1CV3+wpUQKNF+GnadnkeGUCJX+vgaWIZsnz9tzI=",
        "owner": "hyprwm",
        "repo": "xdg-desktop-portal-hyprland",
        "rev": "4b8801228ff958d028f588f0c2b911dbf32297f9",
        "type": "github"
      },
      "original": {
        "owner": "hyprwm",
        "repo": "xdg-desktop-portal-hyprland",
        "type": "github"
      }
    }
  },
  "root": "root",
  "version": 7
}
